
Microsoft Visual Studio Solution File, Format Version 12.00
# Visual Studio 2012
Project("{FAE04EC0-301F-11D3-BF4B-00C04F79EFBC}") = "Assembly-CSharp", "Assembly-CSharp.csproj", "{E40F9B98-4E87-43C2-604A-62E28BD60643}"
EndProject
Global
	GlobalSection(SolutionConfigurationPlatforms) = preSolution
		Debug|Any CPU = Debug|Any CPU
		Release|Any CPU = Release|Any CPU
	EndGlobalSection
	GlobalSection(ProjectConfigurationPlatforms) = postSolution
		{E40F9B98-4E87-43C2-604A-62E28BD60643}.Debug|Any CPU.ActiveCfg = Debug|Any CPU
		{E40F9B98-4E87-43C2-604A-62E28BD60643}.Debug|Any CPU.Build.0 = Debug|Any CPU
		{E40F9B98-4E87-43C2-604A-62E28BD60643}.Release|Any CPU.ActiveCfg = Release|Any CPU
		{E40F9B98-4E87-43C2-604A-62E28BD60643}.Release|Any CPU.Build.0 = Release|Any CPU
	EndGlobalSection
	GlobalSection(SolutionProperties) = preSolution
		HideSolutionNode = FALSE
	EndGlobalSection
EndGlobal
